
Microsoft Visual Studio Solution File, Format Version 12.00
# Visual Studio Version 17
VisualStudioVersion = 17.7.33906.173
MinimumVisualStudioVersion = 10.0.40219.1
Project("{FAE04EC0-301F-11D3-BF4B-00C04F79EFBC}") = "CookieAuthentication", "CookieAuthentication\CookieAuthentication.csproj", "{476AA0E9-056F-46BD-8BDE-64872E3B5544}"
EndProject
Global
	GlobalSection(SolutionConfigurationPlatforms) = preSolution
		Debug|Any CPU = Debug|Any CPU
		Release|Any CPU = Release|Any CPU
	EndGlobalSection
	GlobalSection(ProjectConfigurationPlatforms) = postSolution
		{476AA0E9-056F-46BD-8BDE-64872E3B5544}.Debug|Any CPU.ActiveCfg = Debug|Any CPU
		{476AA0E9-056F-46BD-8BDE-64872E3B5544}.Debug|Any CPU.Build.0 = Debug|Any CPU
		{476AA0E9-056F-46BD-8BDE-64872E3B5544}.Release|Any CPU.ActiveCfg = Release|Any CPU
		{476AA0E9-056F-46BD-8BDE-64872E3B5544}.Release|Any CPU.Build.0 = Release|Any CPU
	EndGlobalSection
	GlobalSection(SolutionProperties) = preSolution
		HideSolutionNode = FALSE
	EndGlobalSection
	GlobalSection(ExtensibilityGlobals) = postSolution
		SolutionGuid = {20C9CAFD-1BEF-48CE-9BB0-C6A6D2F74825}
	EndGlobalSection
EndGlobal
